// !$*UTF8*$!
{
	archiveVersion = 1;
	classes = {
	};
	objectVersion = 48;
	objects = {

/* Begin PBXBuildFile section */
		89D76D8D1F8D2CE600E00F6C /* AppDelegate.swift in Sources */ = {isa = PBXBuildFile; fileRef = 89D76D8C1F8D2CE600E00F6C /* AppDelegate.swift */; };
		89D76D8F1F8D2CE600E00F6C /* ViewController.swift in Sources */ = {isa = PBXBuildFile; fileRef = 89D76D8E1F8D2CE600E00F6C /* ViewController.swift */; };
		89D76D921F8D2CE600E00F6C /* Main.storyboard in Resources */ = {isa = PBXBuildFile; fileRef = 89D76D901F8D2CE600E00F6C /* Main.storyboard */; };
		89D76D941F8D2CE600E00F6C /* Assets.xcassets in Resources */ = {isa = PBXBuildFile; fileRef = 89D76D931F8D2CE600E00F6C /* Assets.xcassets */; };
		89D76D971F8D2CE600E00F6C /* LaunchScreen.storyboard in Resources */ = {isa = PBXBuildFile; fileRef = 89D76D951F8D2CE600E00F6C /* LaunchScreen.storyboard */; };
		89D76DA21F8D2CE700E00F6C /* NameHElloTests.swift in Sources */ = {isa = PBXBuildFile; fileRef = 89D76DA11F8D2CE700E00F6C /* NameHElloTests.swift */; };
		89D76DAD1F8D2CE700E00F6C /* NameHElloUITests.swift in Sources */ = {isa = PBXBuildFile; fileRef = 89D76DAC1F8D2CE700E00F6C /* NameHElloUITests.swift */; };
/* End PBXBuildFile section */

/* Begin PBXContainerItemProxy section */
		89D76D9E1F8D2CE700E00F6C /* PBXContainerItemProxy */ = {
			isa = PBXContainerItemProxy;
			containerPortal = 89D76D811F8D2CE600E00F6C /* Project object */;
			proxyType = 1;
			remoteGlobalIDString = 89D76D881F8D2CE600E00F6C;
			remoteInfo = NameHEllo;
		};
		89D76DA91F8D2CE700E00F6C /* PBXContainerItemProxy */ = {
			isa = PBXContainerItemProxy;
			containerPortal = 89D76D811F8D2CE600E00F6C /* Project object */;
			proxyType = 1;
			remoteGlobalIDString = 89D76D881F8D2CE600E00F6C;
			remoteInfo = NameHEllo;
		};
/* End PBXContainerItemProxy section */

/* Begin PBXFileReference section */
		89D76D891F8D2CE600E00F6C /* NameHEllo.app */ = {isa = PBXFileReference; explicitFileType = wrapper.application; includeInIndex = 0; path = NameHEllo.app; sourceTree = BUILT_PRODUCTS_DIR; };
		89D76D8C1F8D2CE600E00F6C /* AppDelegate.swift */ = {isa = PBXFileReference; lastKnownFileType = sourcecode.swift; path = AppDelegate.swift; sourceTree = "<group>"; };
		89D76D8E1F8D2CE600E00F6C /* ViewController.swift */ = {isa = PBXFileReference; lastKnownFileType = sourcecode.swift; path = ViewController.swift; sourceTree = "<group>"; };
		89D76D911F8D2CE600E00F6C /* Base */ = {isa = PBXFileReference; lastKnownFileType = file.storyboard; name = Base; path = Base.lproj/Main.storyboard; sourceTree = "<group>"; };
		89D76D931F8D2CE600E00F6C /* Assets.xcassets */ = {isa = PBXFileReference; lastKnownFileType = folder.assetcatalog; path = Assets.xcassets; sourceTree = "<group>"; };
		89D76D961F8D2CE600E00F6C /* Base */ = {isa = PBXFileReference; lastKnownFileType = file.storyboard; name = Base; path = Base.lproj/LaunchScreen.storyboard; sourceTree = "<group>"; };
		89D76D981F8D2CE600E00F6C /* Info.plist */ = {isa = PBXFileReference; lastKnownFileType = text.plist.xml; path = Info.plist; sourceTree = "<group>"; };
		89D76D9D1F8D2CE700E00F6C /* NameHElloTests.xctest */ = {isa = PBXFileReference; explicitFileType = wrapper.cfbundle; includeInIndex = 0; path = NameHElloTests.xctest; sourceTree = BUILT_PRODUCTS_DIR; };
		89D76DA11F8D2CE700E00F6C /* NameHElloTests.swift */ = {isa = PBXFileReference; lastKnownFileType = sourcecode.swift; path = NameHElloTests.swift; sourceTree = "<group>"; };
		89D76DA31F8D2CE700E00F6C /* Info.plist */ = {isa = PBXFileReference; lastKnownFileType = text.plist.xml; path = Info.plist; sourceTree = "<group>"; };
		89D76DA81F8D2CE700E00F6C /* NameHElloUITests.xctest */ = {isa = PBXFileReference; explicitFileType = wrapper.cfbundle; includeInIndex = 0; path = NameHElloUITests.xctest; sourceTree = BUILT_PRODUCTS_DIR; };
		89D76DAC1F8D2CE700E00F6C /* NameHElloUITests.swift */ = {isa = PBXFileReference; lastKnownFileType = sourcecode.swift; path = NameHElloUITests.swift; sourceTree = "<group>"; };
		89D76DAE1F8D2CE700E00F6C /* Info.plist */ = {isa = PBXFileReference; lastKnownFileType = text.plist.xml; path = Info.plist; sourceTree = "<group>"; };
/* End PBXFileReference section */

/* Begin PBXFrameworksBuildPhase section */
		89D76D861F8D2CE600E00F6C /* Frameworks */ = {
			isa = PBXFrameworksBuildPhase;
			buildActionMask = 2147483647;
			files = (
			);
			runOnlyForDeploymentPostprocessing = 0;
		};
		89D76D9A1F8D2CE700E00F6C /* Frameworks */ = {
			isa = PBXFrameworksBuildPhase;
			buildActionMask = 2147483647;
			files = (
			);
			runOnlyForDeploymentPostprocessing = 0;
		};
		89D76DA51F8D2CE700E00F6C /* Frameworks */ = {
			isa = PBXFrameworksBuildPhase;
			buildActionMask = 2147483647;
			files = (
			);
			runOnlyForDeploymentPostprocessing = 0;
		};
/* End PBXFrameworksBuildPhase section */

/* Begin PBXGroup section */
		89D76D801F8D2CE600E00F6C = {
			isa = PBXGroup;
			children = (
				89D76D8B1F8D2CE600E00F6C /* NameHEllo */,
				89D76DA01F8D2CE700E00F6C /* NameHElloTests */,
				89D76DAB1F8D2CE700E00F6C /* NameHElloUITests */,
				89D76D8A1F8D2CE600E00F6C /* Products */,
			);
			sourceTree = "<group>";
		};
		89D76D8A1F8D2CE600E00F6C /* Products */ = {
			isa = PBXGroup;
			children = (
				89D76D891F8D2CE600E00F6C /* NameHEllo.app */,
				89D76D9D1F8D2CE700E00F6C /* NameHElloTests.xctest */,
				89D76DA81F8D2CE700E00F6C /* NameHElloUITests.xctest */,
			);
			name = Products;
			sourceTree = "<group>";
		};
		89D76D8B1F8D2CE600E00F6C /* NameHEllo */ = {
			isa = PBXGroup;
			children = (
				89D76D8C1F8D2CE600E00F6C /* AppDelegate.swift */,
				89D76D8E1F8D2CE600E00F6C /* ViewController.swift */,
				89D76D901F8D2CE600E00F6C /* Main.storyboard */,
				89D76D931F8D2CE600E00F6C /* Assets.xcassets */,
				89D76D951F8D2CE600E00F6C /* LaunchScreen.storyboard */,
				89D76D981F8D2CE600E00F6C /* Info.plist */,
			);
			path = NameHEllo;
			sourceTree = "<group>";
		};
		89D76DA01F8D2CE700E00F6C /* NameHElloTests */ = {
			isa = PBXGroup;
			children = (
				89D76DA11F8D2CE700E00F6C /* NameHElloTests.swift */,
				89D76DA31F8D2CE700E00F6C /* Info.plist */,
			);
			path = NameHElloTests;
			sourceTree = "<group>";
		};
		89D76DAB1F8D2CE700E00F6C /* NameHElloUITests */ = {
			isa = PBXGroup;
			children = (
				89D76DAC1F8D2CE700E00F6C /* NameHElloUITests.swift */,
				89D76DAE1F8D2CE700E00F6C /* Info.plist */,
			);
			path = NameHElloUITests;
			sourceTree = "<group>";
		};
/* End PBXGroup section */

/* Begin PBXNativeTarget section */
		89D76D881F8D2CE600E00F6C /* NameHEllo */ = {
			isa = PBXNativeTarget;
			buildConfigurationList = 89D76DB11F8D2CE700E00F6C /* Build configuration list for PBXNativeTarget "NameHEllo" */;
			buildPhases = (
				89D76D851F8D2CE600E00F6C /* Sources */,
				89D76D861F8D2CE600E00F6C /* Frameworks */,
				89D76D871F8D2CE600E00F6C /* Resources */,
			);
			buildRules = (
			);
			dependencies = (
			);
			name = NameHEllo;
			productName = NameHEllo;
			productReference = 89D76D891F8D2CE600E00F6C /* NameHEllo.app */;
			productType = "com.apple.product-type.application";
		};
		89D76D9C1F8D2CE700E00F6C /* NameHElloTests */ = {
			isa = PBXNativeTarget;
			buildConfigurationList = 89D76DB41F8D2CE700E00F6C /* Build configuration list for PBXNativeTarget "NameHElloTests" */;
			buildPhases = (
				89D76D991F8D2CE700E00F6C /* Sources */,
				89D76D9A1F8D2CE700E00F6C /* Frameworks */,
				89D76D9B1F8D2CE700E00F6C /* Resources */,
			);
			buildRules = (
			);
			dependencies = (
				89D76D9F1F8D2CE700E00F6C /* PBXTargetDependency */,
			);
			name = NameHElloTests;
			productName = NameHElloTests;
			productReference = 89D76D9D1F8D2CE700E00F6C /* NameHElloTests.xctest */;
			productType = "com.apple.product-type.bundle.unit-test";
		};
		89D76DA71F8D2CE700E00F6C /* NameHElloUITests */ = {
			isa = PBXNativeTarget;
			buildConfigurationList = 89D76DB71F8D2CE700E00F6C /* Build configuration list for PBXNativeTarget "NameHElloUITests" */;
			buildPhases = (
				89D76DA41F8D2CE700E00F6C /* Sources */,
				89D76DA51F8D2CE700E00F6C /* Frameworks */,
				89D76DA61F8D2CE700E00F6C /* Resources */,
			);
			buildRules = (
			);
			dependencies = (
				89D76DAA1F8D2CE700E00F6C /* PBXTargetDependency */,
			);
			name = NameHElloUITests;
			productName = NameHElloUITests;
			productReference = 89D76DA81F8D2CE700E00F6C /* NameHElloUITests.xctest */;
			productType = "com.apple.product-type.bundle.ui-testing";
		};
/* End PBXNativeTarget section */

/* Begin PBXProject section */
		89D76D811F8D2CE600E00F6C /* Project object */ = {
			isa = PBXProject;
			attributes = {
				LastSwiftUpdateCheck = 0900;
				LastUpgradeCheck = 0900;
				ORGANIZATIONNAME = "Lauren Traum";
				TargetAttributes = {
					89D76D881F8D2CE600E00F6C = {
						CreatedOnToolsVersion = 9.0;
						ProvisioningStyle = Automatic;
					};
					89D76D9C1F8D2CE700E00F6C = {
						CreatedOnToolsVersion = 9.0;
						ProvisioningStyle = Automatic;
						TestTargetID = 89D76D881F8D2CE600E00F6C;
					};
					89D76DA71F8D2CE700E00F6C = {
						CreatedOnToolsVersion = 9.0;
						ProvisioningStyle = Automatic;
						TestTargetID = 89D76D881F8D2CE600E00F6C;
					};
				};
			};
			buildConfigurationList = 89D76D841F8D2CE600E00F6C /* Build configuration list for PBXProject "NameHEllo" */;
			compatibilityVersion = "Xcode 8.0";
			developmentRegion = en;
			hasScannedForEncodings = 0;
			knownRegions = (
				en,
				Base,
			);
			mainGroup = 89D76D801F8D2CE600E00F6C;
			productRefGroup = 89D76D8A1F8D2CE600E00F6C /* Products */;
			projectDirPath = "";
			projectRoot = "";
			targets = (
				89D76D881F8D2CE600E00F6C /* NameHEllo */,
				89D76D9C1F8D2CE700E00F6C /* NameHElloTests */,
				89D76DA71F8D2CE700E00F6C /* NameHElloUITests */,
			);
		};
/* End PBXProject section */

/* Begin PBXResourcesBuildPhase section */
		89D76D871F8D2CE600E00F6C /* Resources */ = {
			isa = PBXResourcesBuildPhase;
			buildActionMask = 2147483647;
			files = (
				89D76D971F8D2CE600E00F6C /* LaunchScreen.storyboard in Resources */,
				89D76D941F8D2CE600E00F6C /* Assets.xcassets in Resources */,
				89D76D921F8D2CE600E00F6C /* Main.storyboard in Resources */,
			);
			runOnlyForDeploymentPostprocessing = 0;
		};
		89D76D9B1F8D2CE700E00F6C /* Resources */ = {
			isa = PBXResourcesBuildPhase;
			buildActionMask = 2147483647;
			files = (
			);
			runOnlyForDeploymentPostprocessing = 0;
		};
		89D76DA61F8D2CE700E00F6C /* Resources */ = {
			isa = PBXResourcesBuildPhase;
			buildActionMask = 2147483647;
			files = (
			);
			runOnlyForDeploymentPostprocessing = 0;
		};
/* End PBXResourcesBuildPhase section */

/* Begin PBXSourcesBuildPhase section */
		89D76D851F8D2CE600E00F6C /* Sources */ = {
			isa = PBXSourcesBuildPhase;
			buildActionMask = 2147483647;
			files = (
				89D76D8F1F8D2CE600E00F6C /* ViewController.swift in Sources */,
				89D76D8D1F8D2CE600E00F6C /* AppDelegate.swift in Sources */,
			);
			runOnlyForDeploymentPostprocessing = 0;
		};
		89D76D991F8D2CE700E00F6C /* Sources */ = {
			isa = PBXSourcesBuildPhase;
			buildActionMask = 2147483647;
			files = (
				89D76DA21F8D2CE700E00F6C /* NameHElloTests.swift in Sources */,
			);
			runOnlyForDeploymentPostprocessing = 0;
		};
		89D76DA41F8D2CE700E00F6C /* Sources */ = {
			isa = PBXSourcesBuildPhase;
			buildActionMask = 2147483647;
			files = (
				89D76DAD1F8D2CE700E00F6C /* NameHElloUITests.swift in Sources */,
			);
			runOnlyForDeploymentPostprocessing = 0;
		};
/* End PBXSourcesBuildPhase section */

/* Begin PBXTargetDependency section */
		89D76D9F1F8D2CE700E00F6C /* PBXTargetDependency */ = {
			isa = PBXTargetDependency;
			target = 89D76D881F8D2CE600E00F6C /* NameHEllo */;
			targetProxy = 89D76D9E1F8D2CE700E00F6C /* PBXContainerItemProxy */;
		};
		89D76DAA1F8D2CE700E00F6C /* PBXTargetDependency */ = {
			isa = PBXTargetDependency;
			target = 89D76D881F8D2CE600E00F6C /* NameHEllo */;
			targetProxy = 89D76DA91F8D2CE700E00F6C /* PBXContainerItemProxy */;
		};
/* End PBXTargetDependency section */

/* Begin PBXVariantGroup section */
		89D76D901F8D2CE600E00F6C /* Main.storyboard */ = {
			isa = PBXVariantGroup;
			children = (
				89D76D911F8D2CE600E00F6C /* Base */,
			);
			name = Main.storyboard;
			sourceTree = "<group>";
		};
		89D76D951F8D2CE600E00F6C /* LaunchScreen.storyboard */ = {
			isa = PBXVariantGroup;
			children = (
				89D76D961F8D2CE600E00F6C /* Base */,
			);
			name = LaunchScreen.storyboard;
			sourceTree = "<group>";
		};
/* End PBXVariantGroup section */

/* Begin XCBuildConfiguration section */
		89D76DAF1F8D2CE700E00F6C /* Debug */ = {
			isa = XCBuildConfiguration;
			buildSettings = {
				ALWAYS_SEARCH_USER_PATHS = NO;
				CLANG_ANALYZER_NONNULL = YES;
				CLANG_ANALYZER_NUMBER_OBJECT_CONVERSION = YES_AGGRESSIVE;
				CLANG_CXX_LANGUAGE_STANDARD = "gnu++14";
				CLANG_CXX_LIBRARY = "libc++";
				CLANG_ENABLE_MODULES = YES;
				CLANG_ENABLE_OBJC_ARC = YES;
				CLANG_WARN_BLOCK_CAPTURE_AUTORELEASING = YES;
				CLANG_WARN_BOOL_CONVERSION = YES;
				CLANG_WARN_COMMA = YES;
				CLANG_WARN_CONSTANT_CONVERSION = YES;
				CLANG_WARN_DIRECT_OBJC_ISA_USAGE = YES_ERROR;
				CLANG_WARN_DOCUMENTATION_COMMENTS = YES;
				CLANG_WARN_EMPTY_BODY = YES;
				CLANG_WARN_ENUM_CONVERSION = YES;
				CLANG_WARN_INFINITE_RECURSION = YES;
				CLANG_WARN_INT_CONVERSION = YES;
				CLANG_WARN_NON_LITERAL_NULL_CONVERSION = YES;
				CLANG_WARN_OBJC_LITERAL_CONVERSION = YES;
				CLANG_WARN_OBJC_ROOT_CLASS = YES_ERROR;
				CLANG_WARN_RANGE_LOOP_ANALYSIS = YES;
				CLANG_WARN_STRICT_PROTOTYPES = YES;
				CLANG_WARN_SUSPICIOUS_MOVE = YES;
				CLANG_WARN_UNGUARDED_AVAILABILITY = YES_AGGRESSIVE;
				CLANG_WARN_UNREACHABLE_CODE = YES;
				CLANG_WARN__DUPLICATE_METHOD_MATCH = YES;
				CODE_SIGN_IDENTITY = "iPhone Developer";
				COPY_PHASE_STRIP = NO;
				DEBUG_INFORMATION_FORMAT = dwarf;
				ENABLE_STRICT_OBJC_MSGSEND = YES;
				ENABLE_TESTABILITY = YES;
				GCC_C_LANGUAGE_STANDARD = gnu11;
				GCC_DYNAMIC_NO_PIC = NO;
				GCC_NO_COMMON_BLOCKS = YES;
				GCC_OPTIMIZATION_LEVEL = 0;
				GCC_PREPROCESSOR_DEFINITIONS = (
					"DEBUG=1",
					"$(inherited)",
				);
				GCC_WARN_64_TO_32_BIT_CONVERSION = YES;
				GCC_WARN_ABOUT_RETURN_TYPE = YES_ERROR;
				GCC_WARN_UNDECLARED_SELECTOR = YES;
				GCC_WARN_UNINITIALIZED_AUTOS = YES_AGGRESSIVE;
				GCC_WARN_UNUSED_FUNCTION = YES;
				GCC_WARN_UNUSED_VARIABLE = YES;
				IPHONEOS_DEPLOYMENT_TARGET = 11.0;
				MTL_ENABLE_DEBUG_INFO = YES;
				ONLY_ACTIVE_ARCH = YES;
				SDKROOT = iphoneos;
				SWIFT_ACTIVE_COMPILATION_CONDITIONS = DEBUG;
				SWIFT_OPTIMIZATION_LEVEL = "-Onone";
			};
			name = Debug;
		};
		89D76DB01F8D2CE700E00F6C /* Release */ = {
			isa = XCBuildConfiguration;
			buildSettings = {
				ALWAYS_SEARCH_USER_PATHS = NO;
				CLANG_ANALYZER_NONNULL = YES;
				CLANG_ANALYZER_NUMBER_OBJECT_CONVERSION = YES_AGGRESSIVE;
				CLANG_CXX_LANGUAGE_STANDARD = "gnu++14";
				CLANG_CXX_LIBRARY = "libc++";
				CLANG_ENABLE_MODULES = YES;
				CLANG_ENABLE_OBJC_ARC = YES;
				CLANG_WARN_BLOCK_CAPTURE_AUTORELEASING = YES;
				CLANG_WARN_BOOL_CONVERSION = YES;
				CLANG_WARN_COMMA = YES;
				CLANG_WARN_CONSTANT_CONVERSION = YES;
				CLANG_WARN_DIRECT_OBJC_ISA_USAGE = YES_ERROR;
				CLANG_WARN_DOCUMENTATION_COMMENTS = YES;
				CLANG_WARN_EMPTY_BODY = YES;
				CLANG_WARN_ENUM_CONVERSION = YES;
				CLANG_WARN_INFINITE_RECURSION = YES;
				CLANG_WARN_INT_CONVERSION = YES;
				CLANG_WARN_NON_LITERAL_NULL_CONVERSION = YES;
				CLANG_WARN_OBJC_LITERAL_CONVERSION = YES;
				CLANG_WARN_OBJC_ROOT_CLASS = YES_ERROR;
				CLANG_WARN_RANGE_LOOP_ANALYSIS = YES;
				CLANG_WARN_STRICT_PROTOTYPES = YES;
				CLANG_WARN_SUSPICIOUS_MOVE = YES;
				CLANG_WARN_UNGUARDED_AVAILABILITY = YES_AGGRESSIVE;
				CLANG_WARN_UNREACHABLE_CODE = YES;
				CLANG_WARN__DUPLICATE_METHOD_MATCH = YES;
				CODE_SIGN_IDENTITY = "iPhone Developer";
				COPY_PHASE_STRIP = NO;
				DEBUG_INFORMATION_FORMAT = "dwarf-with-dsym";
				ENABLE_NS_ASSERTIONS = NO;
				ENABLE_STRICT_OBJC_MSGSEND = YES;
				GCC_C_LANGUAGE_STANDARD = gnu11;
				GCC_NO_COMMON_BLOCKS = YES;
				GCC_WARN_64_TO_32_BIT_CONVERSION = YES;
				GCC_WARN_ABOUT_RETURN_TYPE = YES_ERROR;
				GCC_WARN_UNDECLARED_SELECTOR = YES;
				GCC_WARN_UNINITIALIZED_AUTOS = YES_AGGRESSIVE;
				GCC_WARN_UNUSED_FUNCTION = YES;
				GCC_WARN_UNUSED_VARIABLE = YES;
				IPHONEOS_DEPLOYMENT_TARGET = 11.0;
				MTL_ENABLE_DEBUG_INFO = NO;
				SDKROOT = iphoneos;
				SWIFT_OPTIMIZATION_LEVEL = "-Owholemodule";
				VALIDATE_PRODUCT = YES;
			};
			name = Release;
		};
		89D76DB21F8D2CE700E00F6C /* Debug */ = {
			isa = XCBuildConfiguration;
			buildSettings = {
				ASSETCATALOG_COMPILER_APPICON_NAME = AppIcon;
				CODE_SIGN_STYLE = Automatic;
				INFOPLIST_FILE = NameHEllo/Info.plist;
				LD_RUNPATH_SEARCH_PATHS = "$(inherited) @executable_path/Frameworks";
				PRODUCT_BUNDLE_IDENTIFIER = CS.NameHEllo;
				PRODUCT_NAME = "$(TARGET_NAME)";
				SWIFT_VERSION = 4.0;
				TARGETED_DEVICE_FAMILY = "1,2";
			};
			name = Debug;
		};
		89D76DB31F8D2CE700E00F6C /* Release */ = {
			isa = XCBuildConfiguration;
			buildSettings = {
				ASSETCATALOG_COMPILER_APPICON_NAME = AppIcon;
				CODE_SIGN_STYLE = Automatic;
				INFOPLIST_FILE = NameHEllo/Info.plist;
				LD_RUNPATH_SEARCH_PATHS = "$(inherited) @executable_path/Frameworks";
				PRODUCT_BUNDLE_IDENTIFIER = CS.NameHEllo;
				PRODUCT_NAME = "$(TARGET_NAME)";
				SWIFT_VERSION = 4.0;
				TARGETED_DEVICE_FAMILY = "1,2";
			};
			name = Release;
		};
		89D76DB51F8D2CE700E00F6C /* Debug */ = {
			isa = XCBuildConfiguration;
			buildSettings = {
				ALWAYS_EMBED_SWIFT_STANDARD_LIBRARIES = YES;
				BUNDLE_LOADER = "$(TEST_HOST)";
				CODE_SIGN_STYLE = Automatic;
				INFOPLIST_FILE = NameHElloTests/Info.plist;
				LD_RUNPATH_SEARCH_PATHS = "$(inherited) @executable_path/Frameworks @loader_path/Frameworks";
				PRODUCT_BUNDLE_IDENTIFIER = CS.NameHElloTests;
				PRODUCT_NAME = "$(TARGET_NAME)";
				SWIFT_VERSION = 4.0;
				TARGETED_DEVICE_FAMILY = "1,2";
				TEST_HOST = "$(BUILT_PRODUCTS_DIR)/NameHEllo.app/NameHEllo";
			};
			name = Debug;
		};
		89D76DB61F8D2CE700E00F6C /* Release */ = {
			isa = XCBuildConfiguration;
			buildSettings = {
				ALWAYS_EMBED_SWIFT_STANDARD_LIBRARIES = YES;
				BUNDLE_LOADER = "$(TEST_HOST)";
				CODE_SIGN_STYLE = Automatic;
				INFOPLIST_FILE = NameHElloTests/Info.plist;
				LD_RUNPATH_SEARCH_PATHS = "$(inherited) @executable_path/Frameworks @loader_path/Frameworks";
				PRODUCT_BUNDLE_IDENTIFIER = CS.NameHElloTests;
				PRODUCT_NAME = "$(TARGET_NAME)";
				SWIFT_VERSION = 4.0;
				TARGETED_DEVICE_FAMILY = "1,2";
				TEST_HOST = "$(BUILT_PRODUCTS_DIR)/NameHEllo.app/NameHEllo";
			};
			name = Release;
		};
		89D76DB81F8D2CE700E00F6C /* Debug */ = {
			isa = XCBuildConfiguration;
			buildSettings = {
				ALWAYS_EMBED_SWIFT_STANDARD_LIBRARIES = YES;
				CODE_SIGN_STYLE = Automatic;
				INFOPLIST_FILE = NameHElloUITests/Info.plist;
				LD_RUNPATH_SEARCH_PATHS = "$(inherited) @executable_path/Frameworks @loader_path/Frameworks";
				PRODUCT_BUNDLE_IDENTIFIER = CS.NameHElloUITests;
				PRODUCT_NAME = "$(TARGET_NAME)";
				SWIFT_VERSION = 4.0;
				TARGETED_DEVICE_FAMILY = "1,2";
				TEST_TARGET_NAME = NameHEllo;
			};
			name = Debug;
		};
		89D76DB91F8D2CE700E00F6C /* Release */ = {
			isa = XCBuildConfiguration;
			buildSettings = {
				ALWAYS_EMBED_SWIFT_STANDARD_LIBRARIES = YES;
				CODE_SIGN_STYLE = Automatic;
				INFOPLIST_FILE = NameHElloUITests/Info.plist;
				LD_RUNPATH_SEARCH_PATHS = "$(inherited) @executable_path/Frameworks @loader_path/Frameworks";
				PRODUCT_BUNDLE_IDENTIFIER = CS.NameHElloUITests;
				PRODUCT_NAME = "$(TARGET_NAME)";
				SWIFT_VERSION = 4.0;
				TARGETED_DEVICE_FAMILY = "1,2";
				TEST_TARGET_NAME = NameHEllo;
			};
			name = Release;
		};
/* End XCBuildConfiguration section */

/* Begin XCConfigurationList section */
		89D76D841F8D2CE600E00F6C /* Build configuration list for PBXProject "NameHEllo" */ = {
			isa = XCConfigurationList;
			buildConfigurations = (
				89D76DAF1F8D2CE700E00F6C /* Debug */,
				89D76DB01F8D2CE700E00F6C /* Release */,
			);
			defaultConfigurationIsVisible = 0;
			defaultConfigurationName = Release;
		};
		89D76DB11F8D2CE700E00F6C /* Build configuration list for PBXNativeTarget "NameHEllo" */ = {
			isa = XCConfigurationList;
			buildConfigurations = (
				89D76DB21F8D2CE700E00F6C /* Debug */,
				89D76DB31F8D2CE700E00F6C /* Release */,
			);
			defaultConfigurationIsVisible = 0;
			defaultConfigurationName = Release;
		};
		89D76DB41F8D2CE700E00F6C /* Build configuration list for PBXNativeTarget "NameHElloTests" */ = {
			isa = XCConfigurationList;
			buildConfigurations = (
				89D76DB51F8D2CE700E00F6C /* Debug */,
				89D76DB61F8D2CE700E00F6C /* Release */,
			);
			defaultConfigurationIsVisible = 0;
			defaultConfigurationName = Release;
		};
		89D76DB71F8D2CE700E00F6C /* Build configuration list for PBXNativeTarget "NameHElloUITests" */ = {
			isa = XCConfigurationList;
			buildConfigurations = (
				89D76DB81F8D2CE700E00F6C /* Debug */,
				89D76DB91F8D2CE700E00F6C /* Release */,
			);
			defaultConfigurationIsVisible = 0;
			defaultConfigurationName = Release;
		};
/* End XCConfigurationList section */
	};
	rootObject = 89D76D811F8D2CE600E00F6C /* Project object */;
}
